PODS:
  - mmsegObjc (0.0.1)

DEPENDENCIES:
  - mmsegObjc (from `https://github.com/younthu/mmsegObjc`)

EXTERNAL SOURCES:
  mmsegObjc:
    :git: https://github.com/younthu/mmsegObjc

CHECKOUT OPTIONS:
  mmsegObjc:
    :commit: 00b40d4e0e65c107fc8c1fac15c7ff5eb1b2b75b
    :git: https://github.com/younthu/mmsegObjc

SPEC CHECKSUMS:
  mmsegObjc: 3ef8b8533090dbcf18c2805bc5940fca965201e7

COCOAPODS: 0.39.0
